
Microsoft Visual Studio Solution File, Format Version 12.00
# Visual Studio Version 16
VisualStudioVersion = 16.0.32901.82
MinimumVisualStudioVersion = 10.0.40219.1
Project("{FAE04EC0-301F-11D3-BF4B-00C04F79EFBC}") = "pickpeaks", "pickpeaks.csproj", "{093061D7-3751-4006-B4BC-D4D75899E905}"
EndProject
Global
	GlobalSection(SolutionConfigurationPlatforms) = preSolution
		Debug|Any CPU = Debug|Any CPU
		Release|Any CPU = Release|Any CPU
	EndGlobalSection
	GlobalSection(ProjectConfigurationPlatforms) = postSolution
		{093061D7-3751-4006-B4BC-D4D75899E905}.Debug|Any CPU.ActiveCfg = Debug|Any CPU
		{093061D7-3751-4006-B4BC-D4D75899E905}.Debug|Any CPU.Build.0 = Debug|Any CPU
		{093061D7-3751-4006-B4BC-D4D75899E905}.Release|Any CPU.ActiveCfg = Release|Any CPU
		{093061D7-3751-4006-B4BC-D4D75899E905}.Release|Any CPU.Build.0 = Release|Any CPU
	EndGlobalSection
	GlobalSection(SolutionProperties) = preSolution
		HideSolutionNode = FALSE
	EndGlobalSection
	GlobalSection(ExtensibilityGlobals) = postSolution
		SolutionGuid = {6B01B0A6-DB86-48C5-A940-E6A7865DF3D2}
	EndGlobalSection
EndGlobal
