
Microsoft Visual Studio Solution File, Format Version 12.00
# Visual Studio Version 16
VisualStudioVersion = 16.0.32901.82
MinimumVisualStudioVersion = 10.0.40219.1
Project("{FAE04EC0-301F-11D3-BF4B-00C04F79EFBC}") = "Multiply", "Multiply.csproj", "{F07CB15B-E91A-421C-8CB8-3170CB22257D}"
EndProject
Global
	GlobalSection(SolutionConfigurationPlatforms) = preSolution
		Debug|Any CPU = Debug|Any CPU
		Release|Any CPU = Release|Any CPU
	EndGlobalSection
	GlobalSection(ProjectConfigurationPlatforms) = postSolution
		{F07CB15B-E91A-421C-8CB8-3170CB22257D}.Debug|Any CPU.ActiveCfg = Debug|Any CPU
		{F07CB15B-E91A-421C-8CB8-3170CB22257D}.Debug|Any CPU.Build.0 = Debug|Any CPU
		{F07CB15B-E91A-421C-8CB8-3170CB22257D}.Release|Any CPU.ActiveCfg = Release|Any CPU
		{F07CB15B-E91A-421C-8CB8-3170CB22257D}.Release|Any CPU.Build.0 = Release|Any CPU
	EndGlobalSection
	GlobalSection(SolutionProperties) = preSolution
		HideSolutionNode = FALSE
	EndGlobalSection
	GlobalSection(ExtensibilityGlobals) = postSolution
		SolutionGuid = {EFC482E5-A101-44A3-8272-3D6928458FA3}
	EndGlobalSection
EndGlobal
