
Microsoft Visual Studio Solution File, Format Version 12.00
# Visual Studio Version 16
VisualStudioVersion = 16.0.32901.82
MinimumVisualStudioVersion = 10.0.40219.1
Project("{FAE04EC0-301F-11D3-BF4B-00C04F79EFBC}") = "AddingBigNumbers", "AddingBigNumbers.csproj", "{36535074-F563-44A4-968E-4AB71656A3E2}"
EndProject
Global
	GlobalSection(SolutionConfigurationPlatforms) = preSolution
		Debug|Any CPU = Debug|Any CPU
		Release|Any CPU = Release|Any CPU
	EndGlobalSection
	GlobalSection(ProjectConfigurationPlatforms) = postSolution
		{36535074-F563-44A4-968E-4AB71656A3E2}.Debug|Any CPU.ActiveCfg = Debug|Any CPU
		{36535074-F563-44A4-968E-4AB71656A3E2}.Debug|Any CPU.Build.0 = Debug|Any CPU
		{36535074-F563-44A4-968E-4AB71656A3E2}.Release|Any CPU.ActiveCfg = Release|Any CPU
		{36535074-F563-44A4-968E-4AB71656A3E2}.Release|Any CPU.Build.0 = Release|Any CPU
	EndGlobalSection
	GlobalSection(SolutionProperties) = preSolution
		HideSolutionNode = FALSE
	EndGlobalSection
	GlobalSection(ExtensibilityGlobals) = postSolution
		SolutionGuid = {14838C60-F002-445E-BE03-0286AC07EA6D}
	EndGlobalSection
EndGlobal
